# This file was autogenerated by Stack.
# You should not edit this file by hand.
# For more information, please see the documentation at:
#   https://docs.haskellstack.org/en/stable/lock_files

packages:
- completed:
    hackage: docopt-0.7.0.8@sha256:b88ca348766430101ff1d1ca230ea9038a9fcd63aa3f042a4b95ceab207357e5,3352
    pantry-tree:
      sha256: 55d4b40116a7b5d4213f25bae39688941fc59e85d9d74922248803f21817a02c
      size: 1179
  original:
    hackage: docopt-0.7.0.8@sha256:b88ca348766430101ff1d1ca230ea9038a9fcd63aa3f042a4b95ceab207357e5,3352
snapshots:
- completed:
    sha256: 0cd905bf3f615a7f52d52fb6aadda182f695bd1cab10ef892095d974676f0911
    size: 713334
    url: https://raw.githubusercontent.com/commercialhaskell/stackage-snapshots/master/lts/22/16.yaml
  original: lts-22.16
